# generated by rye
# use `rye lock` or `rye sync` to update this lockfile
#
# last locked with the following flags:
#   pre: false
#   features: []
#   all-features: false
#   with-sources: false

-e file:.
alembic==1.13.1
    # via sampro-middware
click==8.1.7
    # via granian
granian==1.4.2
    # via sampro-middware
greenlet==3.0.3
    # via sqlalchemy
mako==1.3.5
    # via alembic
markupsafe==2.1.5
    # via mako
numpy==1.26.4
    # via pandas
    # via sampro-middware
pandas==2.2.2
    # via sampro-middware
psycopg2==2.9.9
    # via sampro-middware
pymysql==1.1.1
    # via sampro-middware
python-dateutil==2.9.0.post0
    # via pandas
pytz==2024.1
    # via pandas
six==1.16.0
    # via python-dateutil
sqlalchemy==2.0.30
    # via alembic
    # via sampro-middware
typing-extensions==4.12.2
    # via alembic
    # via sqlalchemy
tzdata==2024.1
    # via pandas
uvloop==0.18.0
    # via granian
